// !$*UTF8*$!
{
	archiveVersion = 1;
	classes = {
	};
	objectVersion = 46;
	objects = {

/* Begin PBXBuildFile section */
		60E993F81E54E4850078DB16 /* AppDelegate.swift in Sources */ = {isa = PBXBuildFile; fileRef = 60E993F71E54E4850078DB16 /* AppDelegate.swift */; };
		60E993FA1E54E4850078DB16 /* ViewController.swift in Sources */ = {isa = PBXBuildFile; fileRef = 60E993F91E54E4850078DB16 /* ViewController.swift */; };
		60E993FD1E54E4850078DB16 /* Main.storyboard in Resources */ = {isa = PBXBuildFile; fileRef = 60E993FB1E54E4850078DB16 /* Main.storyboard */; };
		60E993FF1E54E4850078DB16 /* Assets.xcassets in Resources */ = {isa = PBXBuildFile; fileRef = 60E993FE1E54E4850078DB16 /* Assets.xcassets */; };
		60E994021E54E4850078DB16 /* LaunchScreen.storyboard in Resources */ = {isa = PBXBuildFile; fileRef = 60E994001E54E4850078DB16 /* LaunchScreen.storyboard */; };
		60E9940D1E54E4860078DB16 /* jhuaAssignment5Tests.swift in Sources */ = {isa = PBXBuildFile; fileRef = 60E9940C1E54E4860078DB16 /* jhuaAssignment5Tests.swift */; };
		60E994181E54E4860078DB16 /* jhuaAssignment5UITests.swift in Sources */ = {isa = PBXBuildFile; fileRef = 60E994171E54E4860078DB16 /* jhuaAssignment5UITests.swift */; };
/* End PBXBuildFile section */

/* Begin PBXContainerItemProxy section */
		60E994091E54E4860078DB16 /* PBXContainerItemProxy */ = {
			isa = PBXContainerItemProxy;
			containerPortal = 60E993EC1E54E4830078DB16 /* Project object */;
			proxyType = 1;
			remoteGlobalIDString = 60E993F31E54E4830078DB16;
			remoteInfo = jhuaAssignment5;
		};
		60E994141E54E4860078DB16 /* PBXContainerItemProxy */ = {
			isa = PBXContainerItemProxy;
			containerPortal = 60E993EC1E54E4830078DB16 /* Project object */;
			proxyType = 1;
			remoteGlobalIDString = 60E993F31E54E4830078DB16;
			remoteInfo = jhuaAssignment5;
		};
/* End PBXContainerItemProxy section */

/* Begin PBXFileReference section */
		60E993F41E54E4850078DB16 /* jhuaAssignment5.app */ = {isa = PBXFileReference; explicitFileType = wrapper.application; includeInIndex = 0; path = jhuaAssignment5.app; sourceTree = BUILT_PRODUCTS_DIR; };
		60E993F71E54E4850078DB16 /* AppDelegate.swift */ = {isa = PBXFileReference; lastKnownFileType = sourcecode.swift; path = AppDelegate.swift; sourceTree = "<group>"; };
		60E993F91E54E4850078DB16 /* ViewController.swift */ = {isa = PBXFileReference; lastKnownFileType = sourcecode.swift; path = ViewController.swift; sourceTree = "<group>"; };
		60E993FC1E54E4850078DB16 /* Base */ = {isa = PBXFileReference; lastKnownFileType = file.storyboard; name = Base; path = Base.lproj/Main.storyboard; sourceTree = "<group>"; };
		60E993FE1E54E4850078DB16 /* Assets.xcassets */ = {isa = PBXFileReference; lastKnownFileType = folder.assetcatalog; path = Assets.xcassets; sourceTree = "<group>"; };
		60E994011E54E4850078DB16 /* Base */ = {isa = PBXFileReference; lastKnownFileType = file.storyboard; name = Base; path = Base.lproj/LaunchScreen.storyboard; sourceTree = "<group>"; };
		60E994031E54E4850078DB16 /* Info.plist */ = {isa = PBXFileReference; lastKnownFileType = text.plist.xml; path = Info.plist; sourceTree = "<group>"; };
		60E994081E54E4860078DB16 /* jhuaAssignment5Tests.xctest */ = {isa = PBXFileReference; explicitFileType = wrapper.cfbundle; includeInIndex = 0; path = jhuaAssignment5Tests.xctest; sourceTree = BUILT_PRODUCTS_DIR; };
		60E9940C1E54E4860078DB16 /* jhuaAssignment5Tests.swift */ = {isa = PBXFileReference; lastKnownFileType = sourcecode.swift; path = jhuaAssignment5Tests.swift; sourceTree = "<group>"; };
		60E9940E1E54E4860078DB16 /* Info.plist */ = {isa = PBXFileReference; lastKnownFileType = text.plist.xml; path = Info.plist; sourceTree = "<group>"; };
		60E994131E54E4860078DB16 /* jhuaAssignment5UITests.xctest */ = {isa = PBXFileReference; explicitFileType = wrapper.cfbundle; includeInIndex = 0; path = jhuaAssignment5UITests.xctest; sourceTree = BUILT_PRODUCTS_DIR; };
		60E994171E54E4860078DB16 /* jhuaAssignment5UITests.swift */ = {isa = PBXFileReference; lastKnownFileType = sourcecode.swift; path = jhuaAssignment5UITests.swift; sourceTree = "<group>"; };
		60E994191E54E4860078DB16 /* Info.plist */ = {isa = PBXFileReference; lastKnownFileType = text.plist.xml; path = Info.plist; sourceTree = "<group>"; };
/* End PBXFileReference section */

/* Begin PBXFrameworksBuildPhase section */
		60E993F11E54E4830078DB16 /* Frameworks */ = {
			isa = PBXFrameworksBuildPhase;
			buildActionMask = 2147483647;
			files = (
			);
			runOnlyForDeploymentPostprocessing = 0;
		};
		60E994051E54E4860078DB16 /* Frameworks */ = {
			isa = PBXFrameworksBuildPhase;
			buildActionMask = 2147483647;
			files = (
			);
			runOnlyForDeploymentPostprocessing = 0;
		};
		60E994101E54E4860078DB16 /* Frameworks */ = {
			isa = PBXFrameworksBuildPhase;
			buildActionMask = 2147483647;
			files = (
			);
			runOnlyForDeploymentPostprocessing = 0;
		};
/* End PBXFrameworksBuildPhase section */

/* Begin PBXGroup section */
		60E993EB1E54E4830078DB16 = {
			isa = PBXGroup;
			children = (
				60E993F61E54E4850078DB16 /* jhuaAssignment5 */,
				60E9940B1E54E4860078DB16 /* jhuaAssignment5Tests */,
				60E994161E54E4860078DB16 /* jhuaAssignment5UITests */,
				60E993F51E54E4850078DB16 /* Products */,
			);
			sourceTree = "<group>";
		};
		60E993F51E54E4850078DB16 /* Products */ = {
			isa = PBXGroup;
			children = (
				60E993F41E54E4850078DB16 /* jhuaAssignment5.app */,
				60E994081E54E4860078DB16 /* jhuaAssignment5Tests.xctest */,
				60E994131E54E4860078DB16 /* jhuaAssignment5UITests.xctest */,
			);
			name = Products;
			sourceTree = "<group>";
		};
		60E993F61E54E4850078DB16 /* jhuaAssignment5 */ = {
			isa = PBXGroup;
			children = (
				60E993F71E54E4850078DB16 /* AppDelegate.swift */,
				60E993F91E54E4850078DB16 /* ViewController.swift */,
				60E993FB1E54E4850078DB16 /* Main.storyboard */,
				60E993FE1E54E4850078DB16 /* Assets.xcassets */,
				60E994001E54E4850078DB16 /* LaunchScreen.storyboard */,
				60E994031E54E4850078DB16 /* Info.plist */,
			);
			path = jhuaAssignment5;
			sourceTree = "<group>";
		};
		60E9940B1E54E4860078DB16 /* jhuaAssignment5Tests */ = {
			isa = PBXGroup;
			children = (
				60E9940C1E54E4860078DB16 /* jhuaAssignment5Tests.swift */,
				60E9940E1E54E4860078DB16 /* Info.plist */,
			);
			path = jhuaAssignment5Tests;
			sourceTree = "<group>";
		};
		60E994161E54E4860078DB16 /* jhuaAssignment5UITests */ = {
			isa = PBXGroup;
			children = (
				60E994171E54E4860078DB16 /* jhuaAssignment5UITests.swift */,
				60E994191E54E4860078DB16 /* Info.plist */,
			);
			path = jhuaAssignment5UITests;
			sourceTree = "<group>";
		};
/* End PBXGroup section */

/* Begin PBXNativeTarget section */
		60E993F31E54E4830078DB16 /* jhuaAssignment5 */ = {
			isa = PBXNativeTarget;
			buildConfigurationList = 60E9941C1E54E4860078DB16 /* Build configuration list for PBXNativeTarget "jhuaAssignment5" */;
			buildPhases = (
				60E993F01E54E4830078DB16 /* Sources */,
				60E993F11E54E4830078DB16 /* Frameworks */,
				60E993F21E54E4830078DB16 /* Resources */,
			);
			buildRules = (
			);
			dependencies = (
			);
			name = jhuaAssignment5;
			productName = jhuaAssignment5;
			productReference = 60E993F41E54E4850078DB16 /* jhuaAssignment5.app */;
			productType = "com.apple.product-type.application";
		};
		60E994071E54E4860078DB16 /* jhuaAssignment5Tests */ = {
			isa = PBXNativeTarget;
			buildConfigurationList = 60E9941F1E54E4860078DB16 /* Build configuration list for PBXNativeTarget "jhuaAssignment5Tests" */;
			buildPhases = (
				60E994041E54E4860078DB16 /* Sources */,
				60E994051E54E4860078DB16 /* Frameworks */,
				60E994061E54E4860078DB16 /* Resources */,
			);
			buildRules = (
			);
			dependencies = (
				60E9940A1E54E4860078DB16 /* PBXTargetDependency */,
			);
			name = jhuaAssignment5Tests;
			productName = jhuaAssignment5Tests;
			productReference = 60E994081E54E4860078DB16 /* jhuaAssignment5Tests.xctest */;
			productType = "com.apple.product-type.bundle.unit-test";
		};
		60E994121E54E4860078DB16 /* jhuaAssignment5UITests */ = {
			isa = PBXNativeTarget;
			buildConfigurationList = 60E994221E54E4860078DB16 /* Build configuration list for PBXNativeTarget "jhuaAssignment5UITests" */;
			buildPhases = (
				60E9940F1E54E4860078DB16 /* Sources */,
				60E994101E54E4860078DB16 /* Frameworks */,
				60E994111E54E4860078DB16 /* Resources */,
			);
			buildRules = (
			);
			dependencies = (
				60E994151E54E4860078DB16 /* PBXTargetDependency */,
			);
			name = jhuaAssignment5UITests;
			productName = jhuaAssignment5UITests;
			productReference = 60E994131E54E4860078DB16 /* jhuaAssignment5UITests.xctest */;
			productType = "com.apple.product-type.bundle.ui-testing";
		};
/* End PBXNativeTarget section */

/* Begin PBXProject section */
		60E993EC1E54E4830078DB16 /* Project object */ = {
			isa = PBXProject;
			attributes = {
				LastSwiftUpdateCheck = 0820;
				LastUpgradeCheck = 0820;
				ORGANIZATIONNAME = "DePaul University";
				TargetAttributes = {
					60E993F31E54E4830078DB16 = {
						CreatedOnToolsVersion = 8.2.1;
						DevelopmentTeam = S2Y3KPW4B4;
						ProvisioningStyle = Automatic;
					};
					60E994071E54E4860078DB16 = {
						CreatedOnToolsVersion = 8.2.1;
						DevelopmentTeam = S2Y3KPW4B4;
						ProvisioningStyle = Automatic;
						TestTargetID = 60E993F31E54E4830078DB16;
					};
					60E994121E54E4860078DB16 = {
						CreatedOnToolsVersion = 8.2.1;
						DevelopmentTeam = S2Y3KPW4B4;
						ProvisioningStyle = Automatic;
						TestTargetID = 60E993F31E54E4830078DB16;
					};
				};
			};
			buildConfigurationList = 60E993EF1E54E4830078DB16 /* Build configuration list for PBXProject "jhuaAssignment5" */;
			compatibilityVersion = "Xcode 3.2";
			developmentRegion = English;
			hasScannedForEncodings = 0;
			knownRegions = (
				en,
				Base,
			);
			mainGroup = 60E993EB1E54E4830078DB16;
			productRefGroup = 60E993F51E54E4850078DB16 /* Products */;
			projectDirPath = "";
			projectRoot = "";
			targets = (
				60E993F31E54E4830078DB16 /* jhuaAssignment5 */,
				60E994071E54E4860078DB16 /* jhuaAssignment5Tests */,
				60E994121E54E4860078DB16 /* jhuaAssignment5UITests */,
			);
		};
/* End PBXProject section */

/* Begin PBXResourcesBuildPhase section */
		60E993F21E54E4830078DB16 /* Resources */ = {
			isa = PBXResourcesBuildPhase;
			buildActionMask = 2147483647;
			files = (
				60E994021E54E4850078DB16 /* LaunchScreen.storyboard in Resources */,
				60E993FF1E54E4850078DB16 /* Assets.xcassets in Resources */,
				60E993FD1E54E4850078DB16 /* Main.storyboard in Resources */,
			);
			runOnlyForDeploymentPostprocessing = 0;
		};
		60E994061E54E4860078DB16 /* Resources */ = {
			isa = PBXResourcesBuildPhase;
			buildActionMask = 2147483647;
			files = (
			);
			runOnlyForDeploymentPostprocessing = 0;
		};
		60E994111E54E4860078DB16 /* Resources */ = {
			isa = PBXResourcesBuildPhase;
			buildActionMask = 2147483647;
			files = (
			);
			runOnlyForDeploymentPostprocessing = 0;
		};
/* End PBXResourcesBuildPhase section */

/* Begin PBXSourcesBuildPhase section */
		60E993F01E54E4830078DB16 /* Sources */ = {
			isa = PBXSourcesBuildPhase;
			buildActionMask = 2147483647;
			files = (
				60E993FA1E54E4850078DB16 /* ViewController.swift in Sources */,
				60E993F81E54E4850078DB16 /* AppDelegate.swift in Sources */,
			);
			runOnlyForDeploymentPostprocessing = 0;
		};
		60E994041E54E4860078DB16 /* Sources */ = {
			isa = PBXSourcesBuildPhase;
			buildActionMask = 2147483647;
			files = (
				60E9940D1E54E4860078DB16 /* jhuaAssignment5Tests.swift in Sources */,
			);
			runOnlyForDeploymentPostprocessing = 0;
		};
		60E9940F1E54E4860078DB16 /* Sources */ = {
			isa = PBXSourcesBuildPhase;
			buildActionMask = 2147483647;
			files = (
				60E994181E54E4860078DB16 /* jhuaAssignment5UITests.swift in Sources */,
			);
			runOnlyForDeploymentPostprocessing = 0;
		};
/* End PBXSourcesBuildPhase section */

/* Begin PBXTargetDependency section */
		60E9940A1E54E4860078DB16 /* PBXTargetDependency */ = {
			isa = PBXTargetDependency;
			target = 60E993F31E54E4830078DB16 /* jhuaAssignment5 */;
			targetProxy = 60E994091E54E4860078DB16 /* PBXContainerItemProxy */;
		};
		60E994151E54E4860078DB16 /* PBXTargetDependency */ = {
			isa = PBXTargetDependency;
			target = 60E993F31E54E4830078DB16 /* jhuaAssignment5 */;
			targetProxy = 60E994141E54E4860078DB16 /* PBXContainerItemProxy */;
		};
/* End PBXTargetDependency section */

/* Begin PBXVariantGroup section */
		60E993FB1E54E4850078DB16 /* Main.storyboard */ = {
			isa = PBXVariantGroup;
			children = (
				60E993FC1E54E4850078DB16 /* Base */,
			);
			name = Main.storyboard;
			sourceTree = "<group>";
		};
		60E994001E54E4850078DB16 /* LaunchScreen.storyboard */ = {
			isa = PBXVariantGroup;
			children = (
				60E994011E54E4850078DB16 /* Base */,
			);
			name = LaunchScreen.storyboard;
			sourceTree = "<group>";
		};
/* End PBXVariantGroup section */

/* Begin XCBuildConfiguration section */
		60E9941A1E54E4860078DB16 /* Debug */ = {
			isa = XCBuildConfiguration;
			buildSettings = {
				ALWAYS_SEARCH_USER_PATHS = NO;
				CLANG_ANALYZER_NONNULL = YES;
				CLANG_CXX_LANGUAGE_STANDARD = "gnu++0x";
				CLANG_CXX_LIBRARY = "libc++";
				CLANG_ENABLE_MODULES = YES;
				CLANG_ENABLE_OBJC_ARC = YES;
				CLANG_WARN_BOOL_CONVERSION = YES;
				CLANG_WARN_CONSTANT_CONVERSION = YES;
				CLANG_WARN_DIRECT_OBJC_ISA_USAGE = YES_ERROR;
				CLANG_WARN_DOCUMENTATION_COMMENTS = YES;
				CLANG_WARN_EMPTY_BODY = YES;
				CLANG_WARN_ENUM_CONVERSION = YES;
				CLANG_WARN_INFINITE_RECURSION = YES;
				CLANG_WARN_INT_CONVERSION = YES;
				CLANG_WARN_OBJC_ROOT_CLASS = YES_ERROR;
				CLANG_WARN_SUSPICIOUS_MOVE = YES;
				CLANG_WARN_UNREACHABLE_CODE = YES;
				CLANG_WARN__DUPLICATE_METHOD_MATCH = YES;
				"CODE_SIGN_IDENTITY[sdk=iphoneos*]" = "iPhone Developer";
				COPY_PHASE_STRIP = NO;
				DEBUG_INFORMATION_FORMAT = dwarf;
				ENABLE_STRICT_OBJC_MSGSEND = YES;
				ENABLE_TESTABILITY = YES;
				GCC_C_LANGUAGE_STANDARD = gnu99;
				GCC_DYNAMIC_NO_PIC = NO;
				GCC_NO_COMMON_BLOCKS = YES;
				GCC_OPTIMIZATION_LEVEL = 0;
				GCC_PREPROCESSOR_DEFINITIONS = (
					"DEBUG=1",
					"$(inherited)",
				);
				GCC_WARN_64_TO_32_BIT_CONVERSION = YES;
				GCC_WARN_ABOUT_RETURN_TYPE = YES_ERROR;
				GCC_WARN_UNDECLARED_SELECTOR = YES;
				GCC_WARN_UNINITIALIZED_AUTOS = YES_AGGRESSIVE;
				GCC_WARN_UNUSED_FUNCTION = YES;
				GCC_WARN_UNUSED_VARIABLE = YES;
				IPHONEOS_DEPLOYMENT_TARGET = 10.2;
				MTL_ENABLE_DEBUG_INFO = YES;
				ONLY_ACTIVE_ARCH = YES;
				SDKROOT = iphoneos;
				SWIFT_ACTIVE_COMPILATION_CONDITIONS = DEBUG;
				SWIFT_OPTIMIZATION_LEVEL = "-Onone";
			};
			name = Debug;
		};
		60E9941B1E54E4860078DB16 /* Release */ = {
			isa = XCBuildConfiguration;
			buildSettings = {
				ALWAYS_SEARCH_USER_PATHS = NO;
				CLANG_ANALYZER_NONNULL = YES;
				CLANG_CXX_LANGUAGE_STANDARD = "gnu++0x";
				CLANG_CXX_LIBRARY = "libc++";
				CLANG_ENABLE_MODULES = YES;
				CLANG_ENABLE_OBJC_ARC = YES;
				CLANG_WARN_BOOL_CONVERSION = YES;
				CLANG_WARN_CONSTANT_CONVERSION = YES;
				CLANG_WARN_DIRECT_OBJC_ISA_USAGE = YES_ERROR;
				CLANG_WARN_DOCUMENTATION_COMMENTS = YES;
				CLANG_WARN_EMPTY_BODY = YES;
				CLANG_WARN_ENUM_CONVERSION = YES;
				CLANG_WARN_INFINITE_RECURSION = YES;
				CLANG_WARN_INT_CONVERSION = YES;
				CLANG_WARN_OBJC_ROOT_CLASS = YES_ERROR;
				CLANG_WARN_SUSPICIOUS_MOVE = YES;
				CLANG_WARN_UNREACHABLE_CODE = YES;
				CLANG_WARN__DUPLICATE_METHOD_MATCH = YES;
				"CODE_SIGN_IDENTITY[sdk=iphoneos*]" = "iPhone Developer";
				COPY_PHASE_STRIP = NO;
				DEBUG_INFORMATION_FORMAT = "dwarf-with-dsym";
				ENABLE_NS_ASSERTIONS = NO;
				ENABLE_STRICT_OBJC_MSGSEND = YES;
				GCC_C_LANGUAGE_STANDARD = gnu99;
				GCC_NO_COMMON_BLOCKS = YES;
				GCC_WARN_64_TO_32_BIT_CONVERSION = YES;
				GCC_WARN_ABOUT_RETURN_TYPE = YES_ERROR;
				GCC_WARN_UNDECLARED_SELECTOR = YES;
				GCC_WARN_UNINITIALIZED_AUTOS = YES_AGGRESSIVE;
				GCC_WARN_UNUSED_FUNCTION = YES;
				GCC_WARN_UNUSED_VARIABLE = YES;
				IPHONEOS_DEPLOYMENT_TARGET = 10.2;
				MTL_ENABLE_DEBUG_INFO = NO;
				SDKROOT = iphoneos;
				SWIFT_OPTIMIZATION_LEVEL = "-Owholemodule";
				VALIDATE_PRODUCT = YES;
			};
			name = Release;
		};
		60E9941D1E54E4860078DB16 /* Debug */ = {
			isa = XCBuildConfiguration;
			buildSettings = {
				ASSETCATALOG_COMPILER_APPICON_NAME = AppIcon;
				DEVELOPMENT_TEAM = S2Y3KPW4B4;
				INFOPLIST_FILE = jhuaAssignment5/Info.plist;
				LD_RUNPATH_SEARCH_PATHS = "$(inherited) @executable_path/Frameworks";
				PRODUCT_BUNDLE_IDENTIFIER = edu.depaul.csc371.jhuaAssignment5;
				PRODUCT_NAME = "$(TARGET_NAME)";
				SWIFT_VERSION = 3.0;
			};
			name = Debug;
		};
		60E9941E1E54E4860078DB16 /* Release */ = {
			isa = XCBuildConfiguration;
			buildSettings = {
				ASSETCATALOG_COMPILER_APPICON_NAME = AppIcon;
				DEVELOPMENT_TEAM = S2Y3KPW4B4;
				INFOPLIST_FILE = jhuaAssignment5/Info.plist;
				LD_RUNPATH_SEARCH_PATHS = "$(inherited) @executable_path/Frameworks";
				PRODUCT_BUNDLE_IDENTIFIER = edu.depaul.csc371.jhuaAssignment5;
				PRODUCT_NAME = "$(TARGET_NAME)";
				SWIFT_VERSION = 3.0;
			};
			name = Release;
		};
		60E994201E54E4860078DB16 /* Debug */ = {
			isa = XCBuildConfiguration;
			buildSettings = {
				ALWAYS_EMBED_SWIFT_STANDARD_LIBRARIES = YES;
				BUNDLE_LOADER = "$(TEST_HOST)";
				DEVELOPMENT_TEAM = S2Y3KPW4B4;
				INFOPLIST_FILE = jhuaAssignment5Tests/Info.plist;
				LD_RUNPATH_SEARCH_PATHS = "$(inherited) @executable_path/Frameworks @loader_path/Frameworks";
				PRODUCT_BUNDLE_IDENTIFIER = edu.depaul.csc371.jhuaAssignment5Tests;
				PRODUCT_NAME = "$(TARGET_NAME)";
				SWIFT_VERSION = 3.0;
				TEST_HOST = "$(BUILT_PRODUCTS_DIR)/jhuaAssignment5.app/jhuaAssignment5";
			};
			name = Debug;
		};
		60E994211E54E4860078DB16 /* Release */ = {
			isa = XCBuildConfiguration;
			buildSettings = {
				ALWAYS_EMBED_SWIFT_STANDARD_LIBRARIES = YES;
				BUNDLE_LOADER = "$(TEST_HOST)";
				DEVELOPMENT_TEAM = S2Y3KPW4B4;
				INFOPLIST_FILE = jhuaAssignment5Tests/Info.plist;
				LD_RUNPATH_SEARCH_PATHS = "$(inherited) @executable_path/Frameworks @loader_path/Frameworks";
				PRODUCT_BUNDLE_IDENTIFIER = edu.depaul.csc371.jhuaAssignment5Tests;
				PRODUCT_NAME = "$(TARGET_NAME)";
				SWIFT_VERSION = 3.0;
				TEST_HOST = "$(BUILT_PRODUCTS_DIR)/jhuaAssignment5.app/jhuaAssignment5";
			};
			name = Release;
		};
		60E994231E54E4860078DB16 /* Debug */ = {
			isa = XCBuildConfiguration;
			buildSettings = {
				ALWAYS_EMBED_SWIFT_STANDARD_LIBRARIES = YES;
				DEVELOPMENT_TEAM = S2Y3KPW4B4;
				INFOPLIST_FILE = jhuaAssignment5UITests/Info.plist;
				LD_RUNPATH_SEARCH_PATHS = "$(inherited) @executable_path/Frameworks @loader_path/Frameworks";
				PRODUCT_BUNDLE_IDENTIFIER = edu.depaul.csc371.jhuaAssignment5UITests;
				PRODUCT_NAME = "$(TARGET_NAME)";
				SWIFT_VERSION = 3.0;
				TEST_TARGET_NAME = jhuaAssignment5;
			};
			name = Debug;
		};
		60E994241E54E4860078DB16 /* Release */ = {
			isa = XCBuildConfiguration;
			buildSettings = {
				ALWAYS_EMBED_SWIFT_STANDARD_LIBRARIES = YES;
				DEVELOPMENT_TEAM = S2Y3KPW4B4;
				INFOPLIST_FILE = jhuaAssignment5UITests/Info.plist;
				LD_RUNPATH_SEARCH_PATHS = "$(inherited) @executable_path/Frameworks @loader_path/Frameworks";
				PRODUCT_BUNDLE_IDENTIFIER = edu.depaul.csc371.jhuaAssignment5UITests;
				PRODUCT_NAME = "$(TARGET_NAME)";
				SWIFT_VERSION = 3.0;
				TEST_TARGET_NAME = jhuaAssignment5;
			};
			name = Release;
		};
/* End XCBuildConfiguration section */

/* Begin XCConfigurationList section */
		60E993EF1E54E4830078DB16 /* Build configuration list for PBXProject "jhuaAssignment5" */ = {
			isa = XCConfigurationList;
			buildConfigurations = (
				60E9941A1E54E4860078DB16 /* Debug */,
				60E9941B1E54E4860078DB16 /* Release */,
			);
			defaultConfigurationIsVisible = 0;
			defaultConfigurationName = Release;
		};
		60E9941C1E54E4860078DB16 /* Build configuration list for PBXNativeTarget "jhuaAssignment5" */ = {
			isa = XCConfigurationList;
			buildConfigurations = (
				60E9941D1E54E4860078DB16 /* Debug */,
				60E9941E1E54E4860078DB16 /* Release */,
			);
			defaultConfigurationIsVisible = 0;
		};
		60E9941F1E54E4860078DB16 /* Build configuration list for PBXNativeTarget "jhuaAssignment5Tests" */ = {
			isa = XCConfigurationList;
			buildConfigurations = (
				60E994201E54E4860078DB16 /* Debug */,
				60E994211E54E4860078DB16 /* Release */,
			);
			defaultConfigurationIsVisible = 0;
		};
		60E994221E54E4860078DB16 /* Build configuration list for PBXNativeTarget "jhuaAssignment5UITests" */ = {
			isa = XCConfigurationList;
			buildConfigurations = (
				60E994231E54E4860078DB16 /* Debug */,
				60E994241E54E4860078DB16 /* Release */,
			);
			defaultConfigurationIsVisible = 0;
		};
/* End XCConfigurationList section */
	};
	rootObject = 60E993EC1E54E4830078DB16 /* Project object */;
}
